{
  "name": "replace-text",
  "version": "1.0.0",
  "lockfileVersion": 2,
  "requires": true,
  "packages": {
    "": {
      "name": "replace-text",
      "version": "1.0.0",
      "license": "ISC",
      "dependencies": {
        "ascii-progress": "^2.0.0",
        "commander": "^11.1.0",
        "prompts": "^2.4.2",
        "yargs": "^17.7.2"
      },
      "bin": {
        "replaze": "src/index.js"
      }
    },
    "node_modules/ansi-regex": {
      "version": "5.0.1",
      "resolved": "https://descinet.bbva.es/artifactory/api/npm/npm/ansi-regex/-/ansi-regex-5.0.1.tgz",
      "integrity": "sha1-CCyyyJyf6GWaMRpTvWpNxTAdswQ=",
      "license": "MIT",
      "engines": {
        "node": ">=8"
      }
    },
    "node_modules/ansi-styles": {
      "version": "4.3.0",
      "resolved": "https://descinet.bbva.es/artifactory/api/npm/npm/ansi-styles/-/ansi-styles-4.3.0.tgz",
      "integrity": "sha1-7dgDYornHATIWuegkG7a00tkiTc=",
      "license": "MIT",
      "dependencies": {
        "color-convert": "^2.0.1"
      },
      "engines": {
        "node": ">=8"
      },
      "funding": {
        "url": "https://github.com/chalk/ansi-styles?sponsor=1"
      }
    },
    "node_modules/ansi.js": {
      "version": "1.0.0",
      "resolved": "https://descinet.bbva.es/artifactory/api/npm/npm/ansi.js/-/ansi.js-1.0.0.tgz",
      "integrity": "sha1-Sb2l5dePxU0M3NXz9vT+N9jIvZ0=",
      "license": "MIT",
      "dependencies": {
        "on-new-line": "1.0.0"
      }
    },
    "node_modules/ascii-progress": {
      "version": "2.0.0",
      "resolved": "https://descinet.bbva.es/artifactory/api/npm/npm/ascii-progress/-/ascii-progress-2.0.0.tgz",
      "integrity": "sha1-xvU5j9dTdgTfJmwrzrgrXNTOMnw=",
      "license": "MIT",
      "dependencies": {
        "ansi.js": "^1.0.0",
        "get-cursor-position": "^2.0.0",
        "on-new-line": "^1.0.0"
      }
    },
    "node_modules/bindings": {
      "version": "1.5.0",
      "resolved": "https://descinet.bbva.es/artifactory/api/npm/npm/bindings/-/bindings-1.5.0.tgz",
      "integrity": "sha1-EDU8npRTNLwFEabZCzj7x8nFBN8=",
      "license": "MIT",
      "dependencies": {
        "file-uri-to-path": "1.0.0"
      }
    },
    "node_modules/cliui": {
      "version": "8.0.1",
      "resolved": "https://descinet.bbva.es/artifactory/api/npm/npm/cliui/-/cliui-8.0.1.tgz",
      "integrity": "sha1-DASwddsCy/5g3I5s8vVIaxo2CKo=",
      "license": "ISC",
      "dependencies": {
        "string-width": "^4.2.0",
        "strip-ansi": "^6.0.1",
        "wrap-ansi": "^7.0.0"
      },
      "engines": {
        "node": ">=12"
      }
    },
    "node_modules/color-convert": {
      "version": "2.0.1",
      "resolved": "https://descinet.bbva.es/artifactory/api/npm/npm/color-convert/-/color-convert-2.0.1.tgz",
      "integrity": "sha1-ctOmjVmMm9s68q0ehPIdiWq9TeM=",
      "license": "MIT",
      "dependencies": {
        "color-name": "~1.1.4"
      },
      "engines": {
        "node": ">=7.0.0"
      }
    },
    "node_modules/color-name": {
      "version": "1.1.4",
      "resolved": "https://descinet.bbva.es/artifactory/api/npm/npm/color-name/-/color-name-1.1.4.tgz",
      "integrity": "sha1-wqCah6y95pVD3m9j+jmVyCbFNqI=",
      "license": "MIT"
    },
    "node_modules/commander": {
      "version": "11.1.0",
      "resolved": "https://descinet.bbva.es/artifactory/api/npm/npm/commander/-/commander-11.1.0.tgz",
      "integrity": "sha1-Yv3OdgBqaOXBqzMU3JLoAOuD2QY=",
      "license": "MIT",
      "engines": {
        "node": ">=16"
      }
    },
    "node_modules/emoji-regex": {
      "version": "8.0.0",
      "resolved": "https://descinet.bbva.es/artifactory/api/npm/npm/emoji-regex/-/emoji-regex-8.0.0.tgz",
      "integrity": "sha1-6Bj9ac5cz8tARZT4QpY79TFkzDc=",
      "license": "MIT"
    },
    "node_modules/escalade": {
      "version": "3.1.1",
      "resolved": "https://descinet.bbva.es/artifactory/api/npm/npm/escalade/-/escalade-3.1.1.tgz",
      "integrity": "sha1-2M/ccACWXFoBdLSoLqpcBVJ0LkA=",
      "license": "MIT",
      "engines": {
        "node": ">=6"
      }
    },
    "node_modules/file-uri-to-path": {
      "version": "1.0.0",
      "resolved": "https://descinet.bbva.es/artifactory/api/npm/npm/file-uri-to-path/-/file-uri-to-path-1.0.0.tgz",
      "integrity": "sha1-VTp7hEb/b2hDWcRF8eN6BdrMM90=",
      "license": "MIT"
    },
    "node_modules/get-caller-file": {
      "version": "2.0.5",
      "resolved": "https://descinet.bbva.es/artifactory/api/npm/npm/get-caller-file/-/get-caller-file-2.0.5.tgz",
      "integrity": "sha1-T5RBKoLbMvNuOwuXQfipf+sDH34=",
      "license": "ISC",
      "engines": {
        "node": "6.* || 8.* || >= 10.*"
      }
    },
    "node_modules/get-cursor-position": {
      "version": "2.0.0",
      "resolved": "https://descinet.bbva.es/artifactory/api/npm/npm/get-cursor-position/-/get-cursor-position-2.0.0.tgz",
      "integrity": "sha1-TO0/kg+cLJ6aR+S0j39p8ZrH+eU=",
      "hasInstallScript": true,
      "license": "MIT",
      "dependencies": {
        "bindings": "^1.5.0",
        "node-addon-api": "^5.0.0"
      }
    },
    "node_modules/is-fullwidth-code-point": {
      "version": "3.0.0",
      "resolved": "https://descinet.bbva.es/artifactory/api/npm/npm/is-fullwidth-code-point/-/is-fullwidth-code-point-3.0.0.tgz",
      "integrity": "sha1-8Rb4Bk/pCz94RKOJl8C3UFEmnx0=",
      "license": "MIT",
      "engines": {
        "node": ">=8"
      }
    },
    "node_modules/kleur": {
      "version": "3.0.3",
      "resolved": "https://descinet.bbva.es/artifactory/api/npm/npm/kleur/-/kleur-3.0.3.tgz",
      "integrity": "sha1-p5yezIbuHOP6YgbRIWxQHxR/wH4=",
      "license": "MIT",
      "engines": {
        "node": ">=6"
      }
    },
    "node_modules/node-addon-api": {
      "version": "5.1.0",
      "resolved": "https://descinet.bbva.es/artifactory/api/npm/npm/node-addon-api/-/node-addon-api-5.1.0.tgz",
      "integrity": "sha1-SdocoFXhCaI9U36d5DwJzKIet2I=",
      "license": "MIT"
    },
    "node_modules/on-new-line": {
      "version": "1.0.0",
      "resolved": "https://descinet.bbva.es/artifactory/api/npm/npm/on-new-line/-/on-new-line-1.0.0.tgz",
      "integrity": "sha1-hYW8KGbIwOGS5BCm1jvdFyIUiuc=",
      "license": "MIT"
    },
    "node_modules/prompts": {
      "version": "2.4.2",
      "resolved": "https://descinet.bbva.es/artifactory/api/npm/npm/prompts/-/prompts-2.4.2.tgz",
      "integrity": "sha1-e1fnOzpIAprRDr1E90sBcipMsGk=",
      "license": "MIT",
      "dependencies": {
        "kleur": "^3.0.3",
        "sisteransi": "^1.0.5"
      },
      "engines": {
        "node": ">= 6"
      }
    },
    "node_modules/require-directory": {
      "version": "2.1.1",
      "resolved": "https://descinet.bbva.es/artifactory/api/npm/npm/require-directory/-/require-directory-2.1.1.tgz",
      "integrity": "sha1-jGStX9MNqxyXbiNE/+f3kqam30I=",
      "license": "MIT",
      "engines": {
        "node": ">=0.10.0"
      }
    },
    "node_modules/sisteransi": {
      "version": "1.0.5",
      "resolved": "https://descinet.bbva.es/artifactory/api/npm/npm/sisteransi/-/sisteransi-1.0.5.tgz",
      "integrity": "sha1-E01oEpd1ZDfMBcoBNw06elcQde0=",
      "license": "MIT"
    },
    "node_modules/string-width": {
      "version": "4.2.3",
      "resolved": "https://descinet.bbva.es/artifactory/api/npm/npm/string-width/-/string-width-4.2.3.tgz",
      "integrity": "sha1-JpxxF9J7Ba0uU2gwqOyJXvnG0BA=",
      "license": "MIT",
      "dependencies": {
        "emoji-regex": "^8.0.0",
        "is-fullwidth-code-point": "^3.0.0",
        "strip-ansi": "^6.0.1"
      },
      "engines": {
        "node": ">=8"
      }
    },
    "node_modules/strip-ansi": {
      "version": "6.0.1",
      "resolved": "https://descinet.bbva.es/artifactory/api/npm/npm/strip-ansi/-/strip-ansi-6.0.1.tgz",
      "integrity": "sha1-nibGPTD1NEPpSJSVshBdN7Z6hdk=",
      "license": "MIT",
      "dependencies": {
        "ansi-regex": "^5.0.1"
      },
      "engines": {
        "node": ">=8"
      }
    },
    "node_modules/wrap-ansi": {
      "version": "7.0.0",
      "resolved": "https://descinet.bbva.es/artifactory/api/npm/npm/wrap-ansi/-/wrap-ansi-7.0.0.tgz",
      "integrity": "sha1-Z+FFz/UQpqaYS98RUpEdadLrnkM=",
      "license": "MIT",
      "dependencies": {
        "ansi-styles": "^4.0.0",
        "string-width": "^4.1.0",
        "strip-ansi": "^6.0.0"
      },
      "engines": {
        "node": ">=10"
      },
      "funding": {
        "url": "https://github.com/chalk/wrap-ansi?sponsor=1"
      }
    },
    "node_modules/y18n": {
      "version": "5.0.8",
      "resolved": "https://descinet.bbva.es/artifactory/api/npm/npm/y18n/-/y18n-5.0.8.tgz",
      "integrity": "sha1-f0k00PfKjFb5UxSTndzS3ZHOHVU=",
      "license": "ISC",
      "engines": {
        "node": ">=10"
      }
    },
    "node_modules/yargs": {
      "version": "17.7.2",
      "resolved": "https://descinet.bbva.es/artifactory/api/npm/npm/yargs/-/yargs-17.7.2.tgz",
      "integrity": "sha1-mR3zmspnWhkrgW4eA2P5110qomk=",
      "license": "MIT",
      "dependencies": {
        "cliui": "^8.0.1",
        "escalade": "^3.1.1",
        "get-caller-file": "^2.0.5",
        "require-directory": "^2.1.1",
        "string-width": "^4.2.3",
        "y18n": "^5.0.5",
        "yargs-parser": "^21.1.1"
      },
      "engines": {
        "node": ">=12"
      }
    },
    "node_modules/yargs-parser": {
      "version": "21.1.1",
      "resolved": "https://descinet.bbva.es/artifactory/api/npm/npm/yargs-parser/-/yargs-parser-21.1.1.tgz",
      "integrity": "sha1-kJa87r+ZDSG7MfqVFuDt4pSnfTU=",
      "license": "ISC",
      "engines": {
        "node": ">=12"
      }
    }
  },
  "dependencies": {
    "ansi-regex": {
      "version": "5.0.1",
      "resolved": "https://descinet.bbva.es/artifactory/api/npm/npm/ansi-regex/-/ansi-regex-5.0.1.tgz",
      "integrity": "sha1-CCyyyJyf6GWaMRpTvWpNxTAdswQ="
    },
    "ansi-styles": {
      "version": "4.3.0",
      "resolved": "https://descinet.bbva.es/artifactory/api/npm/npm/ansi-styles/-/ansi-styles-4.3.0.tgz",
      "integrity": "sha1-7dgDYornHATIWuegkG7a00tkiTc=",
      "requires": {
        "color-convert": "^2.0.1"
      }
    },
    "ansi.js": {
      "version": "1.0.0",
      "resolved": "https://descinet.bbva.es/artifactory/api/npm/npm/ansi.js/-/ansi.js-1.0.0.tgz",
      "integrity": "sha1-Sb2l5dePxU0M3NXz9vT+N9jIvZ0=",
      "requires": {
        "on-new-line": "1.0.0"
      }
    },
    "ascii-progress": {
      "version": "2.0.0",
      "resolved": "https://descinet.bbva.es/artifactory/api/npm/npm/ascii-progress/-/ascii-progress-2.0.0.tgz",
      "integrity": "sha1-xvU5j9dTdgTfJmwrzrgrXNTOMnw=",
      "requires": {
        "ansi.js": "^1.0.0",
        "get-cursor-position": "^2.0.0",
        "on-new-line": "^1.0.0"
      }
    },
    "bindings": {
      "version": "1.5.0",
      "resolved": "https://descinet.bbva.es/artifactory/api/npm/npm/bindings/-/bindings-1.5.0.tgz",
      "integrity": "sha1-EDU8npRTNLwFEabZCzj7x8nFBN8=",
      "requires": {
        "file-uri-to-path": "1.0.0"
      }
    },
    "cliui": {
      "version": "8.0.1",
      "resolved": "https://descinet.bbva.es/artifactory/api/npm/npm/cliui/-/cliui-8.0.1.tgz",
      "integrity": "sha1-DASwddsCy/5g3I5s8vVIaxo2CKo=",
      "requires": {
        "string-width": "^4.2.0",
        "strip-ansi": "^6.0.1",
        "wrap-ansi": "^7.0.0"
      }
    },
    "color-convert": {
      "version": "2.0.1",
      "resolved": "https://descinet.bbva.es/artifactory/api/npm/npm/color-convert/-/color-convert-2.0.1.tgz",
      "integrity": "sha1-ctOmjVmMm9s68q0ehPIdiWq9TeM=",
      "requires": {
        "color-name": "~1.1.4"
      }
    },
    "color-name": {
      "version": "1.1.4",
      "resolved": "https://descinet.bbva.es/artifactory/api/npm/npm/color-name/-/color-name-1.1.4.tgz",
      "integrity": "sha1-wqCah6y95pVD3m9j+jmVyCbFNqI="
    },
    "commander": {
      "version": "11.1.0",
      "resolved": "https://descinet.bbva.es/artifactory/api/npm/npm/commander/-/commander-11.1.0.tgz",
      "integrity": "sha1-Yv3OdgBqaOXBqzMU3JLoAOuD2QY="
    },
    "emoji-regex": {
      "version": "8.0.0",
      "resolved": "https://descinet.bbva.es/artifactory/api/npm/npm/emoji-regex/-/emoji-regex-8.0.0.tgz",
      "integrity": "sha1-6Bj9ac5cz8tARZT4QpY79TFkzDc="
    },
    "escalade": {
      "version": "3.1.1",
      "resolved": "https://descinet.bbva.es/artifactory/api/npm/npm/escalade/-/escalade-3.1.1.tgz",
      "integrity": "sha1-2M/ccACWXFoBdLSoLqpcBVJ0LkA="
    },
    "file-uri-to-path": {
      "version": "1.0.0",
      "resolved": "https://descinet.bbva.es/artifactory/api/npm/npm/file-uri-to-path/-/file-uri-to-path-1.0.0.tgz",
      "integrity": "sha1-VTp7hEb/b2hDWcRF8eN6BdrMM90="
    },
    "get-caller-file": {
      "version": "2.0.5",
      "resolved": "https://descinet.bbva.es/artifactory/api/npm/npm/get-caller-file/-/get-caller-file-2.0.5.tgz",
      "integrity": "sha1-T5RBKoLbMvNuOwuXQfipf+sDH34="
    },
    "get-cursor-position": {
      "version": "2.0.0",
      "resolved": "https://descinet.bbva.es/artifactory/api/npm/npm/get-cursor-position/-/get-cursor-position-2.0.0.tgz",
      "integrity": "sha1-TO0/kg+cLJ6aR+S0j39p8ZrH+eU=",
      "requires": {
        "bindings": "^1.5.0",
        "node-addon-api": "^5.0.0"
      }
    },
    "is-fullwidth-code-point": {
      "version": "3.0.0",
      "resolved": "https://descinet.bbva.es/artifactory/api/npm/npm/is-fullwidth-code-point/-/is-fullwidth-code-point-3.0.0.tgz",
      "integrity": "sha1-8Rb4Bk/pCz94RKOJl8C3UFEmnx0="
    },
    "kleur": {
      "version": "3.0.3",
      "resolved": "https://descinet.bbva.es/artifactory/api/npm/npm/kleur/-/kleur-3.0.3.tgz",
      "integrity": "sha1-p5yezIbuHOP6YgbRIWxQHxR/wH4="
    },
    "node-addon-api": {
      "version": "5.1.0",
      "resolved": "https://descinet.bbva.es/artifactory/api/npm/npm/node-addon-api/-/node-addon-api-5.1.0.tgz",
      "integrity": "sha1-SdocoFXhCaI9U36d5DwJzKIet2I="
    },
    "on-new-line": {
      "version": "1.0.0",
      "resolved": "https://descinet.bbva.es/artifactory/api/npm/npm/on-new-line/-/on-new-line-1.0.0.tgz",
      "integrity": "sha1-hYW8KGbIwOGS5BCm1jvdFyIUiuc="
    },
    "prompts": {
      "version": "2.4.2",
      "resolved": "https://descinet.bbva.es/artifactory/api/npm/npm/prompts/-/prompts-2.4.2.tgz",
      "integrity": "sha1-e1fnOzpIAprRDr1E90sBcipMsGk=",
      "requires": {
        "kleur": "^3.0.3",
        "sisteransi": "^1.0.5"
      }
    },
    "require-directory": {
      "version": "2.1.1",
      "resolved": "https://descinet.bbva.es/artifactory/api/npm/npm/require-directory/-/require-directory-2.1.1.tgz",
      "integrity": "sha1-jGStX9MNqxyXbiNE/+f3kqam30I="
    },
    "sisteransi": {
      "version": "1.0.5",
      "resolved": "https://descinet.bbva.es/artifactory/api/npm/npm/sisteransi/-/sisteransi-1.0.5.tgz",
      "integrity": "sha1-E01oEpd1ZDfMBcoBNw06elcQde0="
    },
    "string-width": {
      "version": "4.2.3",
      "resolved": "https://descinet.bbva.es/artifactory/api/npm/npm/string-width/-/string-width-4.2.3.tgz",
      "integrity": "sha1-JpxxF9J7Ba0uU2gwqOyJXvnG0BA=",
      "requires": {
        "emoji-regex": "^8.0.0",
        "is-fullwidth-code-point": "^3.0.0",
        "strip-ansi": "^6.0.1"
      }
    },
    "strip-ansi": {
      "version": "6.0.1",
      "resolved": "https://descinet.bbva.es/artifactory/api/npm/npm/strip-ansi/-/strip-ansi-6.0.1.tgz",
      "integrity": "sha1-nibGPTD1NEPpSJSVshBdN7Z6hdk=",
      "requires": {
        "ansi-regex": "^5.0.1"
      }
    },
    "wrap-ansi": {
      "version": "7.0.0",
      "resolved": "https://descinet.bbva.es/artifactory/api/npm/npm/wrap-ansi/-/wrap-ansi-7.0.0.tgz",
      "integrity": "sha1-Z+FFz/UQpqaYS98RUpEdadLrnkM=",
      "requires": {
        "ansi-styles": "^4.0.0",
        "string-width": "^4.1.0",
        "strip-ansi": "^6.0.0"
      }
    },
    "y18n": {
      "version": "5.0.8",
      "resolved": "https://descinet.bbva.es/artifactory/api/npm/npm/y18n/-/y18n-5.0.8.tgz",
      "integrity": "sha1-f0k00PfKjFb5UxSTndzS3ZHOHVU="
    },
    "yargs": {
      "version": "17.7.2",
      "resolved": "https://descinet.bbva.es/artifactory/api/npm/npm/yargs/-/yargs-17.7.2.tgz",
      "integrity": "sha1-mR3zmspnWhkrgW4eA2P5110qomk=",
      "requires": {
        "cliui": "^8.0.1",
        "escalade": "^3.1.1",
        "get-caller-file": "^2.0.5",
        "require-directory": "^2.1.1",
        "string-width": "^4.2.3",
        "y18n": "^5.0.5",
        "yargs-parser": "^21.1.1"
      }
    },
    "yargs-parser": {
      "version": "21.1.1",
      "resolved": "https://descinet.bbva.es/artifactory/api/npm/npm/yargs-parser/-/yargs-parser-21.1.1.tgz",
      "integrity": "sha1-kJa87r+ZDSG7MfqVFuDt4pSnfTU="
    }
  }
}
